
Microsoft Visual Studio Solution File, Format Version 12.00
# Visual Studio Version 17
VisualStudioVersion = 17.9.34728.123
MinimumVisualStudioVersion = 10.0.40219.1
Project("{FAE04EC0-301F-11D3-BF4B-00C04F79EFBC}") = "ComplexNumbers", "ComplexNumbers.csproj", "{C12F8A5B-7E86-495E-8E97-5D8D83335D86}"
EndProject
Global
	GlobalSection(SolutionConfigurationPlatforms) = preSolution
		Debug|Any CPU = Debug|Any CPU
		Release|Any CPU = Release|Any CPU
	EndGlobalSection
	GlobalSection(ProjectConfigurationPlatforms) = postSolution
		{C12F8A5B-7E86-495E-8E97-5D8D83335D86}.Debug|Any CPU.ActiveCfg = Debug|Any CPU
		{C12F8A5B-7E86-495E-8E97-5D8D83335D86}.Debug|Any CPU.Build.0 = Debug|Any CPU
		{C12F8A5B-7E86-495E-8E97-5D8D83335D86}.Release|Any CPU.ActiveCfg = Release|Any CPU
		{C12F8A5B-7E86-495E-8E97-5D8D83335D86}.Release|Any CPU.Build.0 = Release|Any CPU
	EndGlobalSection
	GlobalSection(SolutionProperties) = preSolution
		HideSolutionNode = FALSE
	EndGlobalSection
	GlobalSection(ExtensibilityGlobals) = postSolution
		SolutionGuid = {8040B802-3790-439B-AE1D-C62E97FC2B35}
	EndGlobalSection
EndGlobal
