
Microsoft Visual Studio Solution File, Format Version 12.00
# Visual Studio Version 17
VisualStudioVersion = 17.11.35327.3
MinimumVisualStudioVersion = 10.0.40219.1
Project("{FAE04EC0-301F-11D3-BF4B-00C04F79EFBC}") = "ComplexMatrices", "ComplexMatrices.csproj", "{A08F97D3-A2FD-4A56-8374-C009D2E69A0F}"
EndProject
Global
	GlobalSection(SolutionConfigurationPlatforms) = preSolution
		Debug|Any CPU = Debug|Any CPU
		Release|Any CPU = Release|Any CPU
	EndGlobalSection
	GlobalSection(ProjectConfigurationPlatforms) = postSolution
		{A08F97D3-A2FD-4A56-8374-C009D2E69A0F}.Debug|Any CPU.ActiveCfg = Debug|Any CPU
		{A08F97D3-A2FD-4A56-8374-C009D2E69A0F}.Debug|Any CPU.Build.0 = Debug|Any CPU
		{A08F97D3-A2FD-4A56-8374-C009D2E69A0F}.Release|Any CPU.ActiveCfg = Release|Any CPU
		{A08F97D3-A2FD-4A56-8374-C009D2E69A0F}.Release|Any CPU.Build.0 = Release|Any CPU
	EndGlobalSection
	GlobalSection(SolutionProperties) = preSolution
		HideSolutionNode = FALSE
	EndGlobalSection
	GlobalSection(ExtensibilityGlobals) = postSolution
		SolutionGuid = {0FFE42FE-95E2-4473-9F11-F137B9CF29BB}
	EndGlobalSection
EndGlobal
